Microsoft Visual Studio Solution File, Format Version 12.00
# Visual Studio Version 17
VisualStudioVersion = 17.5.2.0
MinimumVisualStudioVersion = 10.0.40219.1
Project("{FAE04EC0-301F-11D3-BF4B-00C04F79EFBC}") = "Moonquake", "Moonquake.csproj", "{E57B5512-5433-56CC-03AF-B6AD39B270A6}"
EndProject
Global
	GlobalSection(SolutionConfigurationPlatforms) = preSolution
		Debug|Any CPU = Debug|Any CPU
		Release|Any CPU = Release|Any CPU
	EndGlobalSection
	GlobalSection(ProjectConfigurationPlatforms) = postSolution
		{E57B5512-5433-56CC-03AF-B6AD39B270A6}.Debug|Any CPU.ActiveCfg = Debug|Any CPU
		{E57B5512-5433-56CC-03AF-B6AD39B270A6}.Debug|Any CPU.Build.0 = Debug|Any CPU
		{E57B5512-5433-56CC-03AF-B6AD39B270A6}.Release|Any CPU.ActiveCfg = Release|Any CPU
		{E57B5512-5433-56CC-03AF-B6AD39B270A6}.Release|Any CPU.Build.0 = Release|Any CPU
	EndGlobalSection
	GlobalSection(SolutionProperties) = preSolution
		HideSolutionNode = FALSE
	EndGlobalSection
	GlobalSection(ExtensibilityGlobals) = postSolution
		SolutionGuid = {C870DA37-3BA6-4013-96DC-56F9D487619A}
	EndGlobalSection
EndGlobal
